lockfileVersion: '9.0'

settings:
  autoInstallPeers: true
  excludeLinksFromLockfile: false

importers:

  .:
    dependencies:
      dayjs:
        specifier: ^1.11.18
        version: 1.11.18
      lodash:
        specifier: ^4.17.21
        version: 4.17.21
      tdesign-miniprogram:
        specifier: ^1.10.1
        version: 1.10.1
    devDependencies:
      miniprogram-api-typings:
        specifier: ^2.8.3-1
        version: 2.12.0

packages:

  dayjs@1.11.18:
    resolution: {integrity: sha512-zFBQ7WFRvVRhKcWoUh+ZA1g2HVgUbsZm9sbddh8EC5iv93sui8DVVz1Npvz+r6meo9VKfa8NyLWBsQK1VvIKPA==}

  lodash@4.17.21:
    resolution: {integrity: sha512-v2kDEe57lecTulaDIuNTPy3Ry4gLGJ6Z1O3vE1krgXZNrsQ+LFTGHVxVjcXPs17LhbZVGedAJv8XZ1tvj5FvSg==}

  miniprogram-api-typings@2.12.0:
    resolution: {integrity: sha512-ibvbqeslVFur0IAvTxLMvsbtvVcMo6gwvOnj0YZHV7aeDLu091VQRrETT2QuiG9P6aZWRcxeNGJChRKVPCp9VQ==}

  tdesign-miniprogram@1.10.1:
    resolution: {integrity: sha512-rKM3JYfJGB+R9G/yp6kGVN0Kc0hKqKoQnpoWm7OVrXNsYM0dlJXwTf+WsLkQtgUyfM20taqNaxXD852Bx7IseQ==}

snapshots:

  dayjs@1.11.18: {}

  lodash@4.17.21: {}

  miniprogram-api-typings@2.12.0: {}

  tdesign-miniprogram@1.10.1: {}
